lockfileVersion: '9.0'

settings:
  autoInstallPeers: true
  excludeLinksFromLockfile: false

importers:

  .:
    dependencies:
      '@swc-node/register':
        specifier: ^1.10.10
        version: 1.10.10(@swc/core@1.13.3)(@swc/types@0.1.24)(typescript@5.9.2)
      async:
        specifier: ^3.2.6
        version: 3.2.6
      playwright:
        specifier: ^1.54.2
        version: 1.54.2
      single-file-cli:
        specifier: ^2.0.75
        version: 2.0.75
    devDependencies:
      '@types/async':
        specifier: ^3.2.25
        version: 3.2.25
      '@types/node':
        specifier: ^24.2.1
        version: 24.2.1
      typescript:
        specifier: ^5.9.2
        version: 5.9.2

packages:

  '@emnapi/core@1.4.5':
    resolution: {integrity: sha512-XsLw1dEOpkSX/WucdqUhPWP7hDxSvZiY+fsUC14h+FtQ2Ifni4znbBt8punRX+Uj2JG/uDb8nEHVKvrVlvdZ5Q==}

  '@emnapi/runtime@1.4.5':
    resolution: {integrity: sha512-++LApOtY0pEEz1zrd9vy1/zXVaVJJ/EbAF3u0fXIzPJEDtnITsBGbbK0EkM72amhl/R5b+5xx0Y/QhcVOpuulg==}

  '@emnapi/wasi-threads@1.0.4':
    resolution: {integrity: sha512-PJR+bOmMOPH8AtcTGAyYNiuJ3/Fcoj2XN/gBEWzDIKh254XO+mM9XoXHk5GNEhodxeMznbg7BlRojVbKN+gC6g==}

  '@napi-rs/wasm-runtime@0.2.12':
    resolution: {integrity: sha512-ZVWUcfwY4E/yPitQJl481FjFo3K22D6qF0DuFH6Y/nbnE11GY5uguDxZMGXPQ8WQ0128MXQD7TnfHyK4oWoIJQ==}

  '@oxc-resolver/binding-darwin-arm64@5.3.0':
    resolution: {integrity: sha512-hXem5ZAguS7IlSiHg/LK0tEfLj4eUo+9U6DaFwwBEGd0L0VIF9LmuiHydRyOrdnnmi9iAAFMAn/wl2cUoiuruA==}
    cpu: [arm64]
    os: [darwin]

  '@oxc-resolver/binding-darwin-x64@5.3.0':
    resolution: {integrity: sha512-wgSwfsZkRbuYCIBLxeg1bYrtKnirAy+IJF0lwfz4z08clgdNBDbfGECJe/cd0csIZPpRcvPFe8317yf31sWhtA==}
    cpu: [x64]
    os: [darwin]

  '@oxc-resolver/binding-freebsd-x64@5.3.0':
    resolution: {integrity: sha512-kzeE2WHgcRMmWjB071RdwEV5Pwke4o0WWslCKoh8if1puvxIxfzu3o7g6P2+v77BP5qop4cri+uvLABSO0WZjg==}
    cpu: [x64]
    os: [freebsd]

  '@oxc-resolver/binding-linux-arm-gnueabihf@5.3.0':
    resolution: {integrity: sha512-I8np34yZP/XfIkZNDbw3rweqVgfjmHYpNX3xnJZWg+f4mgO9/UNWBwetSaqXeDZqvIch/aHak+q4HVrQhQKCqg==}
    cpu: [arm]
    os: [linux]

  '@oxc-resolver/binding-linux-arm64-gnu@5.3.0':
    resolution: {integrity: sha512-u2ndfeEUrW898eXM+qPxIN8TvTPjI90NDQBRgaxxkOfNw3xaotloeiZGz5+Yzlfxgvxr9DY9FdYkqhUhSnGhOw==}
    cpu: [arm64]
    os: [linux]

  '@oxc-resolver/binding-linux-arm64-musl@5.3.0':
    resolution: {integrity: sha512-TzbjmFkcnESGuVItQ2diKacX8vu5G0bH3BHmIlmY4OSRLyoAlrJFwGKAHmh6C9+Amfcjo2rx8vdm7swzmsGC6Q==}
    cpu: [arm64]
    os: [linux]

  '@oxc-resolver/binding-linux-riscv64-gnu@5.3.0':
    resolution: {integrity: sha512-NH3pjAqh8nuN29iRuRfTY42Vn03ctoR9VE8llfoUKUfhHUjFHYOXK5VSkhjj1usG8AeuesvqrQnLptCRQVTi/Q==}
    cpu: [riscv64]
    os: [linux]

  '@oxc-resolver/binding-linux-s390x-gnu@5.3.0':
    resolution: {integrity: sha512-tuZtkK9sJYh2MC2uhol1M/8IMTB6ZQ5jmqP2+k5XNXnOb/im94Y5uV/u2lXwVyIuKHZZHtr+0d1HrOiNahoKpw==}
    cpu: [s390x]
    os: [linux]

  '@oxc-resolver/binding-linux-x64-gnu@5.3.0':
    resolution: {integrity: sha512-VzhPYmZCtoES/ThcPdGSmMop7JlwgqtSvlgtKCW15ByV2JKyl8kHAHnPSBfpIooXb0ehFnRdxFtL9qtAEWy01g==}
    cpu: [x64]
    os: [linux]

  '@oxc-resolver/binding-linux-x64-musl@5.3.0':
    resolution: {integrity: sha512-Hi39cWzul24rGljN4Vf1lxjXzQdCrdxO5oCT7KJP4ndSlqIUODJnfnMAP1YhcnIRvNvk+5E6sZtnEmFUd/4d8Q==}
    cpu: [x64]
    os: [linux]

  '@oxc-resolver/binding-wasm32-wasi@5.3.0':
    resolution: {integrity: sha512-ddujvHhP3chmHnSXRlkPVUeYj4/B7eLZwL4yUid+df3WCbVh6DgoT9RmllZn21AhxgKtMdekDdyVJYKFd8tl4A==}
    engines: {node: '>=14.0.0'}
    cpu: [wasm32]

  '@oxc-resolver/binding-win32-arm64-msvc@5.3.0':
    resolution: {integrity: sha512-j1YYPLvUkMVNKmIFQZZJ7q6Do4cI3htUnyxNLwDSBVhSohvPIK2VG+IdtOAlWZGa7v+phEZsHfNbXVwB0oPYFQ==}
    cpu: [arm64]
    os: [win32]

  '@oxc-resolver/binding-win32-x64-msvc@5.3.0':
    resolution: {integrity: sha512-LT9eOPPUqfZscQRd5mc08RBeDWOQf+dnOrKnanMallTGPe6g7+rcAlFTA8SWoJbcD45PV8yArFtCmSQSpzHZmg==}
    cpu: [x64]
    os: [win32]

  '@swc-node/core@1.13.3':
    resolution: {integrity: sha512-OGsvXIid2Go21kiNqeTIn79jcaX4l0G93X2rAnas4LFoDyA9wAwVK7xZdm+QsKoMn5Mus2yFLCc4OtX2dD/PWA==}
    engines: {node: '>= 10'}
    peerDependencies:
      '@swc/core': '>= 1.4.13'
      '@swc/types': '>= 0.1'

  '@swc-node/register@1.10.10':
    resolution: {integrity: sha512-jYWaI2WNEKz8KZL3sExd2KVL1JMma1/J7z+9iTpv0+fRN7LGMF8VTGGuHI2bug/ztpdZU1G44FG/Kk6ElXL9CQ==}
    peerDependencies:
      '@swc/core': '>= 1.4.13'
      typescript: '>= 4.3'

  '@swc-node/sourcemap-support@0.5.1':
    resolution: {integrity: sha512-JxIvIo/Hrpv0JCHSyRpetAdQ6lB27oFYhv0PKCNf1g2gUXOjpeR1exrXccRxLMuAV5WAmGFBwRnNOJqN38+qtg==}

  '@swc/core-darwin-arm64@1.13.3':
    resolution: {integrity: sha512-ux0Ws4pSpBTqbDS9GlVP354MekB1DwYlbxXU3VhnDr4GBcCOimpocx62x7cFJkSpEBF8bmX8+/TTCGKh4PbyXw==}
    engines: {node: '>=10'}
    cpu: [arm64]
    os: [darwin]

  '@swc/core-darwin-x64@1.13.3':
    resolution: {integrity: sha512-p0X6yhxmNUOMZrbeZ3ZNsPige8lSlSe1llllXvpCLkKKxN/k5vZt1sULoq6Nj4eQ7KeHQVm81/+AwKZyf/e0TA==}
    engines: {node: '>=10'}
    cpu: [x64]
    os: [darwin]

  '@swc/core-linux-arm-gnueabihf@1.13.3':
    resolution: {integrity: sha512-OmDoiexL2fVWvQTCtoh0xHMyEkZweQAlh4dRyvl8ugqIPEVARSYtaj55TBMUJIP44mSUOJ5tytjzhn2KFxFcBA==}
    engines: {node: '>=10'}
    cpu: [arm]
    os: [linux]

  '@swc/core-linux-arm64-gnu@1.13.3':
    resolution: {integrity: sha512-STfKku3QfnuUj6k3g9ld4vwhtgCGYIFQmsGPPgT9MK/dI3Lwnpe5Gs5t1inoUIoGNP8sIOLlBB4HV4MmBjQuhw==}
    engines: {node: '>=10'}
    cpu: [arm64]
    os: [linux]

  '@swc/core-linux-arm64-musl@1.13.3':
    resolution: {integrity: sha512-bc+CXYlFc1t8pv9yZJGus372ldzOVscBl7encUBlU1m/Sig0+NDJLz6cXXRcFyl6ABNOApWeR4Yl7iUWx6C8og==}
    engines: {node: '>=10'}
    cpu: [arm64]
    os: [linux]

  '@swc/core-linux-x64-gnu@1.13.3':
    resolution: {integrity: sha512-dFXoa0TEhohrKcxn/54YKs1iwNeW6tUkHJgXW33H381SvjKFUV53WR231jh1sWVJETjA3vsAwxKwR23s7UCmUA==}
    engines: {node: '>=10'}
    cpu: [x64]
    os: [linux]

  '@swc/core-linux-x64-musl@1.13.3':
    resolution: {integrity: sha512-ieyjisLB+ldexiE/yD8uomaZuZIbTc8tjquYln9Quh5ykOBY7LpJJYBWvWtm1g3pHv6AXlBI8Jay7Fffb6aLfA==}
    engines: {node: '>=10'}
    cpu: [x64]
    os: [linux]

  '@swc/core-win32-arm64-msvc@1.13.3':
    resolution: {integrity: sha512-elTQpnaX5vESSbhCEgcwXjpMsnUbqqHfEpB7ewpkAsLzKEXZaK67ihSRYAuAx6ewRQTo7DS5iTT6X5aQD3MzMw==}
    engines: {node: '>=10'}
    cpu: [arm64]
    os: [win32]

  '@swc/core-win32-ia32-msvc@1.13.3':
    resolution: {integrity: sha512-nvehQVEOdI1BleJpuUgPLrclJ0TzbEMc+MarXDmmiRFwEUGqj+pnfkTSb7RZyS1puU74IXdK/YhTirHurtbI9w==}
    engines: {node: '>=10'}
    cpu: [ia32]
    os: [win32]

  '@swc/core-win32-x64-msvc@1.13.3':
    resolution: {integrity: sha512-A+JSKGkRbPLVV2Kwx8TaDAV0yXIXm/gc8m98hSkVDGlPBBmydgzNdWy3X7HTUBM7IDk7YlWE7w2+RUGjdgpTmg==}
    engines: {node: '>=10'}
    cpu: [x64]
    os: [win32]

  '@swc/core@1.13.3':
    resolution: {integrity: sha512-ZaDETVWnm6FE0fc+c2UE8MHYVS3Fe91o5vkmGfgwGXFbxYvAjKSqxM/j4cRc9T7VZNSJjriXq58XkfCp3Y6f+w==}
    engines: {node: '>=10'}
    peerDependencies:
      '@swc/helpers': '>=0.5.17'
    peerDependenciesMeta:
      '@swc/helpers':
        optional: true

  '@swc/counter@0.1.3':
    resolution: {integrity: sha512-e2BR4lsJkkRlKZ/qCHPw9ZaSxc0MVUd7gtbtaB7aMvHeJVYe8sOB8DBZkP2DtISHGSku9sCK6T6cnY0CtXrOCQ==}

  '@swc/types@0.1.24':
    resolution: {integrity: sha512-tjTMh3V4vAORHtdTprLlfoMptu1WfTZG9Rsca6yOKyNYsRr+MUXutKmliB17orgSZk5DpnDxs8GUdd/qwYxOng==}

  '@tybys/wasm-util@0.10.0':
    resolution: {integrity: sha512-VyyPYFlOMNylG45GoAe0xDoLwWuowvf92F9kySqzYh8vmYm7D2u4iUJKa1tOUpS70Ku13ASrOkS4ScXFsTaCNQ==}

  '@types/async@3.2.25':
    resolution: {integrity: sha512-O6Th/DI18XjrL9TX8LO9F/g26qAz5vynmQqlXt/qLGrskvzCKXKc5/tATz3G2N6lM8eOf3M8/StB14FncAmocg==}

  '@types/node@24.2.1':
    resolution: {integrity: sha512-DRh5K+ka5eJic8CjH7td8QpYEV6Zo10gfRkjHCO3weqZHWDtAaSTFtl4+VMqOJ4N5jcuhZ9/l+yy8rVgw7BQeQ==}

  async@3.2.6:
    resolution: {integrity: sha512-htCUDlxyyCLMgaM3xXg0C0LW2xqfuQ6p05pCEIsXuyQ+a1koYKTuBMzRNwmybfLgvJDMd0r1LTn4+E0Ti6C2AA==}

  buffer-from@1.1.2:
    resolution: {integrity: sha512-E+XQCRwSbaaiChtv6k6Dwgc+bx+Bs6vuKJHHl5kox/BaKbhiXzqQOwK4cO22yElGp2OCmjwVhT3HmxgyPGnJfQ==}

  colorette@2.0.20:
    resolution: {integrity: sha512-IfEDxwoWIjkeXL1eXcDiow4UbKjhLdq6/EuSVR9GMN7KVH3r9gQ83e73hsz1Nd1T3ijd5xv1wcWRYO+D6kCI2w==}

  debug@4.4.1:
    resolution: {integrity: sha512-KcKCqiftBJcZr++7ykoDIEwSa3XWowTfNPo92BYxjXiyYEVrUQh2aLyhxBCwww+heortUFxEJYcRzosstTEBYQ==}
    engines: {node: '>=6.0'}
    peerDependencies:
      supports-color: '*'
    peerDependenciesMeta:
      supports-color:
        optional: true

  fsevents@2.3.2:
    resolution: {integrity: sha512-xiqMQR4xAeHTuB9uWm+fFRcIOgKBMiOBP+eXiyT7jsgVCq1bkVygt00oASowB7EdtpOHaaPgKt812P9ab+DDKA==}
    engines: {node: ^8.16.0 || ^10.6.0 || >=11.0.0}
    os: [darwin]

  ms@2.1.3:
    resolution: {integrity: sha512-6FlzubTLZG3J2a/NVCAleEhjzq5oxgHyaCU9yYXvcLsvoVaHJq/s5xXI6/XXP6tz7R9xAOtHnSO/tXtF3WRTlA==}

  oxc-resolver@5.3.0:
    resolution: {integrity: sha512-FHqtZx0idP5QRPSNcI5g2ItmADg7fhR3XIeWg5eRMGfp44xqRpfkdvo+EX4ZceqV9bxvl0Z8vaqMqY0gYaNYNA==}

  pirates@4.0.7:
    resolution: {integrity: sha512-TfySrs/5nm8fQJDcBDuUng3VOUKsd7S+zqvbOTiGXHfxX4wK31ard+hoNuvkicM/2YFzlpDgABOevKSsB4G/FA==}
    engines: {node: '>= 6'}

  playwright-core@1.54.2:
    resolution: {integrity: sha512-n5r4HFbMmWsB4twG7tJLDN9gmBUeSPcsBZiWSE4DnYz9mJMAFqr2ID7+eGC9kpEnxExJ1epttwR59LEWCk8mtA==}
    engines: {node: '>=18'}
    hasBin: true

  playwright@1.54.2:
    resolution: {integrity: sha512-Hu/BMoA1NAdRUuulyvQC0pEqZ4vQbGfn8f7wPXcnqQmM+zct9UliKxsIkLNmz/ku7LElUNqmaiv1TG/aL5ACsw==}
    engines: {node: '>=18'}
    hasBin: true

  simple-cdp@1.8.6:
    resolution: {integrity: sha512-c33zKvBOOIBfdfDCr++N8Dv6kY03wD+cGuu3MEiBJHC4LtHE5aSwjw5E+dOSeuXolS+8MoDzYuWrJdT+IFp8bw==}
    engines: {bun: '>=1.0', deno: '>=1.4'}

  single-file-cli@2.0.75:
    resolution: {integrity: sha512-LA8p/s7sVXkfCXFZ0P7ivDrJ8f1GdgOUcxCPBjwtC1S6bmVakTVai4fCGeujKvUfl/ee8fZQd52DURIGYNtPXQ==}
    engines: {bun: '>=1.0', deno: '>=1.4', node: '>=20'}
    hasBin: true

  source-map-support@0.5.21:
    resolution: {integrity: sha512-uBHU3L3czsIyYXKX88fdrGovxdSCoTGDRZ6SYXtSRxLZUzHg5P/66Ht6uoUlHu9EZod+inXhKo3qQgwXUT/y1w==}

  source-map@0.6.1:
    resolution: {integrity: sha512-UjgapumWlbMhkBgzT7Ykc5YXUT46F0iKu8SGXq0bcwP5dz/h0Plj6enJqjz1Zbq2l5WaqYnrVbwWOWMyF3F47g==}
    engines: {node: '>=0.10.0'}

  tslib@2.8.1:
    resolution: {integrity: sha512-oJFu94HQb+KVduSUQL7wnpmqnfmLsOA/nAh6b6EH0wCEoK0/mPeXU6c3wKDV83MkOuHPRHtSXKKU99IBazS/2w==}

  typescript@5.9.2:
    resolution: {integrity: sha512-CWBzXQrc/qOkhidw1OzBTQuYRbfyxDXJMVJ1XNwUHGROVmuaeiEm3OslpZ1RV96d7SKKjZKrSJu3+t/xlw3R9A==}
    engines: {node: '>=14.17'}
    hasBin: true

  undici-types@7.10.0:
    resolution: {integrity: sha512-t5Fy/nfn+14LuOc2KNYg75vZqClpAiqscVvMygNnlsHBFpSXdJaYtXMcdNLpl/Qvc3P2cB3s6lOV51nqsFq4ag==}

  ws@8.18.3:
    resolution: {integrity: sha512-PEIGCY5tSlUt50cqyMXfCzX+oOPqN0vuGqWzbcJ2xvnkzkq46oOpz7dQaTDBdfICb4N14+GARUDw2XV2N4tvzg==}
    engines: {node: '>=10.0.0'}
    peerDependencies:
      bufferutil: ^4.0.1
      utf-8-validate: '>=5.0.2'
    peerDependenciesMeta:
      bufferutil:
        optional: true
      utf-8-validate:
        optional: true

snapshots:

  '@emnapi/core@1.4.5':
    dependencies:
      '@emnapi/wasi-threads': 1.0.4
      tslib: 2.8.1
    optional: true

  '@emnapi/runtime@1.4.5':
    dependencies:
      tslib: 2.8.1
    optional: true

  '@emnapi/wasi-threads@1.0.4':
    dependencies:
      tslib: 2.8.1
    optional: true

  '@napi-rs/wasm-runtime@0.2.12':
    dependencies:
      '@emnapi/core': 1.4.5
      '@emnapi/runtime': 1.4.5
      '@tybys/wasm-util': 0.10.0
    optional: true

  '@oxc-resolver/binding-darwin-arm64@5.3.0':
    optional: true

  '@oxc-resolver/binding-darwin-x64@5.3.0':
    optional: true

  '@oxc-resolver/binding-freebsd-x64@5.3.0':
    optional: true

  '@oxc-resolver/binding-linux-arm-gnueabihf@5.3.0':
    optional: true

  '@oxc-resolver/binding-linux-arm64-gnu@5.3.0':
    optional: true

  '@oxc-resolver/binding-linux-arm64-musl@5.3.0':
    optional: true

  '@oxc-resolver/binding-linux-riscv64-gnu@5.3.0':
    optional: true

  '@oxc-resolver/binding-linux-s390x-gnu@5.3.0':
    optional: true

  '@oxc-resolver/binding-linux-x64-gnu@5.3.0':
    optional: true

  '@oxc-resolver/binding-linux-x64-musl@5.3.0':
    optional: true

  '@oxc-resolver/binding-wasm32-wasi@5.3.0':
    dependencies:
      '@napi-rs/wasm-runtime': 0.2.12
    optional: true

  '@oxc-resolver/binding-win32-arm64-msvc@5.3.0':
    optional: true

  '@oxc-resolver/binding-win32-x64-msvc@5.3.0':
    optional: true

  '@swc-node/core@1.13.3(@swc/core@1.13.3)(@swc/types@0.1.24)':
    dependencies:
      '@swc/core': 1.13.3
      '@swc/types': 0.1.24

  '@swc-node/register@1.10.10(@swc/core@1.13.3)(@swc/types@0.1.24)(typescript@5.9.2)':
    dependencies:
      '@swc-node/core': 1.13.3(@swc/core@1.13.3)(@swc/types@0.1.24)
      '@swc-node/sourcemap-support': 0.5.1
      '@swc/core': 1.13.3
      colorette: 2.0.20
      debug: 4.4.1
      oxc-resolver: 5.3.0
      pirates: 4.0.7
      tslib: 2.8.1
      typescript: 5.9.2
    transitivePeerDependencies:
      - '@swc/types'
      - supports-color

  '@swc-node/sourcemap-support@0.5.1':
    dependencies:
      source-map-support: 0.5.21
      tslib: 2.8.1

  '@swc/core-darwin-arm64@1.13.3':
    optional: true

  '@swc/core-darwin-x64@1.13.3':
    optional: true

  '@swc/core-linux-arm-gnueabihf@1.13.3':
    optional: true

  '@swc/core-linux-arm64-gnu@1.13.3':
    optional: true

  '@swc/core-linux-arm64-musl@1.13.3':
    optional: true

  '@swc/core-linux-x64-gnu@1.13.3':
    optional: true

  '@swc/core-linux-x64-musl@1.13.3':
    optional: true

  '@swc/core-win32-arm64-msvc@1.13.3':
    optional: true

  '@swc/core-win32-ia32-msvc@1.13.3':
    optional: true

  '@swc/core-win32-x64-msvc@1.13.3':
    optional: true

  '@swc/core@1.13.3':
    dependencies:
      '@swc/counter': 0.1.3
      '@swc/types': 0.1.24
    optionalDependencies:
      '@swc/core-darwin-arm64': 1.13.3
      '@swc/core-darwin-x64': 1.13.3
      '@swc/core-linux-arm-gnueabihf': 1.13.3
      '@swc/core-linux-arm64-gnu': 1.13.3
      '@swc/core-linux-arm64-musl': 1.13.3
      '@swc/core-linux-x64-gnu': 1.13.3
      '@swc/core-linux-x64-musl': 1.13.3
      '@swc/core-win32-arm64-msvc': 1.13.3
      '@swc/core-win32-ia32-msvc': 1.13.3
      '@swc/core-win32-x64-msvc': 1.13.3

  '@swc/counter@0.1.3': {}

  '@swc/types@0.1.24':
    dependencies:
      '@swc/counter': 0.1.3

  '@tybys/wasm-util@0.10.0':
    dependencies:
      tslib: 2.8.1
    optional: true

  '@types/async@3.2.25': {}

  '@types/node@24.2.1':
    dependencies:
      undici-types: 7.10.0

  async@3.2.6: {}

  buffer-from@1.1.2: {}

  colorette@2.0.20: {}

  debug@4.4.1:
    dependencies:
      ms: 2.1.3

  fsevents@2.3.2:
    optional: true

  ms@2.1.3: {}

  oxc-resolver@5.3.0:
    optionalDependencies:
      '@oxc-resolver/binding-darwin-arm64': 5.3.0
      '@oxc-resolver/binding-darwin-x64': 5.3.0
      '@oxc-resolver/binding-freebsd-x64': 5.3.0
      '@oxc-resolver/binding-linux-arm-gnueabihf': 5.3.0
      '@oxc-resolver/binding-linux-arm64-gnu': 5.3.0
      '@oxc-resolver/binding-linux-arm64-musl': 5.3.0
      '@oxc-resolver/binding-linux-riscv64-gnu': 5.3.0
      '@oxc-resolver/binding-linux-s390x-gnu': 5.3.0
      '@oxc-resolver/binding-linux-x64-gnu': 5.3.0
      '@oxc-resolver/binding-linux-x64-musl': 5.3.0
      '@oxc-resolver/binding-wasm32-wasi': 5.3.0
      '@oxc-resolver/binding-win32-arm64-msvc': 5.3.0
      '@oxc-resolver/binding-win32-x64-msvc': 5.3.0

  pirates@4.0.7: {}

  playwright-core@1.54.2: {}

  playwright@1.54.2:
    dependencies:
      playwright-core: 1.54.2
    optionalDependencies:
      fsevents: 2.3.2

  simple-cdp@1.8.6: {}

  single-file-cli@2.0.75:
    dependencies:
      simple-cdp: 1.8.6
      ws: 8.18.3
    transitivePeerDependencies:
      - bufferutil
      - utf-8-validate

  source-map-support@0.5.21:
    dependencies:
      buffer-from: 1.1.2
      source-map: 0.6.1

  source-map@0.6.1: {}

  tslib@2.8.1: {}

  typescript@5.9.2: {}

  undici-types@7.10.0: {}

  ws@8.18.3: {}
