lockfileVersion: '9.0'

settings:
  autoInstallPeers: true
  excludeLinksFromLockfile: false

importers:

  .:
    dependencies:
      async:
        specifier: ^3.2.6
        version: 3.2.6
      playwright:
        specifier: ^1.54.2
        version: 1.54.2
      sanitize-filename:
        specifier: ^1.6.3
        version: 1.6.3
      single-file-cli:
        specifier: ^2.0.75
        version: 2.0.75
    devDependencies:
      '@types/async':
        specifier: ^3.2.25
        version: 3.2.25
      '@types/node':
        specifier: ^24.2.1
        version: 24.2.1
      typescript:
        specifier: ^5.9.2
        version: 5.9.2

packages:

  '@types/async@3.2.25':
    resolution: {integrity: sha512-O6Th/DI18XjrL9TX8LO9F/g26qAz5vynmQqlXt/qLGrskvzCKXKc5/tATz3G2N6lM8eOf3M8/StB14FncAmocg==}

  '@types/node@24.2.1':
    resolution: {integrity: sha512-DRh5K+ka5eJic8CjH7td8QpYEV6Zo10gfRkjHCO3weqZHWDtAaSTFtl4+VMqOJ4N5jcuhZ9/l+yy8rVgw7BQeQ==}

  async@3.2.6:
    resolution: {integrity: sha512-htCUDlxyyCLMgaM3xXg0C0LW2xqfuQ6p05pCEIsXuyQ+a1koYKTuBMzRNwmybfLgvJDMd0r1LTn4+E0Ti6C2AA==}

  fsevents@2.3.2:
    resolution: {integrity: sha512-xiqMQR4xAeHTuB9uWm+fFRcIOgKBMiOBP+eXiyT7jsgVCq1bkVygt00oASowB7EdtpOHaaPgKt812P9ab+DDKA==}
    engines: {node: ^8.16.0 || ^10.6.0 || >=11.0.0}
    os: [darwin]

  playwright-core@1.54.2:
    resolution: {integrity: sha512-n5r4HFbMmWsB4twG7tJLDN9gmBUeSPcsBZiWSE4DnYz9mJMAFqr2ID7+eGC9kpEnxExJ1epttwR59LEWCk8mtA==}
    engines: {node: '>=18'}
    hasBin: true

  playwright@1.54.2:
    resolution: {integrity: sha512-Hu/BMoA1NAdRUuulyvQC0pEqZ4vQbGfn8f7wPXcnqQmM+zct9UliKxsIkLNmz/ku7LElUNqmaiv1TG/aL5ACsw==}
    engines: {node: '>=18'}
    hasBin: true

  sanitize-filename@1.6.3:
    resolution: {integrity: sha512-y/52Mcy7aw3gRm7IrcGDFx/bCk4AhRh2eI9luHOQM86nZsqwiRkkq2GekHXBBD+SmPidc8i2PqtYZl+pWJ8Oeg==}

  simple-cdp@1.8.6:
    resolution: {integrity: sha512-c33zKvBOOIBfdfDCr++N8Dv6kY03wD+cGuu3MEiBJHC4LtHE5aSwjw5E+dOSeuXolS+8MoDzYuWrJdT+IFp8bw==}
    engines: {bun: '>=1.0', deno: '>=1.4'}

  single-file-cli@2.0.75:
    resolution: {integrity: sha512-LA8p/s7sVXkfCXFZ0P7ivDrJ8f1GdgOUcxCPBjwtC1S6bmVakTVai4fCGeujKvUfl/ee8fZQd52DURIGYNtPXQ==}
    engines: {bun: '>=1.0', deno: '>=1.4', node: '>=20'}
    hasBin: true

  truncate-utf8-bytes@1.0.2:
    resolution: {integrity: sha512-95Pu1QXQvruGEhv62XCMO3Mm90GscOCClvrIUwCM0PYOXK3kaF3l3sIHxx71ThJfcbM2O5Au6SO3AWCSEfW4mQ==}

  typescript@5.9.2:
    resolution: {integrity: sha512-CWBzXQrc/qOkhidw1OzBTQuYRbfyxDXJMVJ1XNwUHGROVmuaeiEm3OslpZ1RV96d7SKKjZKrSJu3+t/xlw3R9A==}
    engines: {node: '>=14.17'}
    hasBin: true

  undici-types@7.10.0:
    resolution: {integrity: sha512-t5Fy/nfn+14LuOc2KNYg75vZqClpAiqscVvMygNnlsHBFpSXdJaYtXMcdNLpl/Qvc3P2cB3s6lOV51nqsFq4ag==}

  utf8-byte-length@1.0.5:
    resolution: {integrity: sha512-Xn0w3MtiQ6zoz2vFyUVruaCL53O/DwUvkEeOvj+uulMm0BkUGYWmBYVyElqZaSLhY6ZD0ulfU3aBra2aVT4xfA==}

  ws@8.18.3:
    resolution: {integrity: sha512-PEIGCY5tSlUt50cqyMXfCzX+oOPqN0vuGqWzbcJ2xvnkzkq46oOpz7dQaTDBdfICb4N14+GARUDw2XV2N4tvzg==}
    engines: {node: '>=10.0.0'}
    peerDependencies:
      bufferutil: ^4.0.1
      utf-8-validate: '>=5.0.2'
    peerDependenciesMeta:
      bufferutil:
        optional: true
      utf-8-validate:
        optional: true

snapshots:

  '@types/async@3.2.25': {}

  '@types/node@24.2.1':
    dependencies:
      undici-types: 7.10.0

  async@3.2.6: {}

  fsevents@2.3.2:
    optional: true

  playwright-core@1.54.2: {}

  playwright@1.54.2:
    dependencies:
      playwright-core: 1.54.2
    optionalDependencies:
      fsevents: 2.3.2

  sanitize-filename@1.6.3:
    dependencies:
      truncate-utf8-bytes: 1.0.2

  simple-cdp@1.8.6: {}

  single-file-cli@2.0.75:
    dependencies:
      simple-cdp: 1.8.6
      ws: 8.18.3
    transitivePeerDependencies:
      - bufferutil
      - utf-8-validate

  truncate-utf8-bytes@1.0.2:
    dependencies:
      utf8-byte-length: 1.0.5

  typescript@5.9.2: {}

  undici-types@7.10.0: {}

  utf8-byte-length@1.0.5: {}

  ws@8.18.3: {}
